
Microsoft Visual Studio Solution File, Format Version 12.00
# Visual Studio 2013
VisualStudioVersion = 12.0.21005.1
MinimumVisualStudioVersion = 10.0.40219.1
Project("{FAE04EC0-301F-11D3-BF4B-00C04F79EFBC}") = "uCommunity.JPush.Api", "uCommunity.JPush.Api\uCommunity.JPush.Api.csproj", "{E281D457-F259-4F0B-8608-16C81D8AE97B}"
EndProject
Project("{FAE04EC0-301F-11D3-BF4B-00C04F79EFBC}") = "uCommunity.Utility", "uCommunity.Utility\uCommunity.Utility.csproj", "{28E0C0B2-8DA5-4AFC-BBFE-389BF4E8E407}"
EndProject
Project("{FAE04EC0-301F-11D3-BF4B-00C04F79EFBC}") = "uCommunity.TestClient", "uCommunity.JPush.TestClient\uCommunity.TestClient.csproj", "{DAB0FEEB-EE2A-4BC1-8A1F-B9836062E9EF}"
EndProject
Project("{E24C65DC-7377-472B-9ABA-BC803B73C61A}") = "uCommunity.Server.WCF", "http://localhost:55935", "{5E113264-D706-4E08-B951-A556CB4CD168}"
	ProjectSection(WebsiteProperties) = preProject
		UseIISExpress = "true"
		TargetFrameworkMoniker = ".NETFramework,Version%3Dv4.5"
		ProjectReferences = "{a2e07050-10c1-47c4-b539-919165b18ae4}|uCommunity.Interface.dll;{e281d457-f259-4f0b-8608-16c81d8ae97b}|uCommunity.JPush.Api.dll;{28E0C0B2-8DA5-4AFC-BBFE-389BF4E8E407}|uCommunity.Utility.dll;{ed8ce5fa-cc05-4676-9dcb-f64f6fd70f5c}|uCommunity.Server.Data.dll;"
		Debug.AspNetCompiler.VirtualPath = "/localhost_55935"
		Debug.AspNetCompiler.PhysicalPath = "uCommunity.Server.WCF\"
		Debug.AspNetCompiler.TargetPath = "PrecompiledWeb\localhost_55935\"
		Debug.AspNetCompiler.Updateable = "true"
		Debug.AspNetCompiler.ForceOverwrite = "true"
		Debug.AspNetCompiler.FixedNames = "false"
		Debug.AspNetCompiler.Debug = "True"
		Release.AspNetCompiler.VirtualPath = "/localhost_55935"
		Release.AspNetCompiler.PhysicalPath = "uCommunity.Server.WCF\"
		Release.AspNetCompiler.TargetPath = "PrecompiledWeb\localhost_55935\"
		Release.AspNetCompiler.Updateable = "true"
		Release.AspNetCompiler.ForceOverwrite = "true"
		Release.AspNetCompiler.FixedNames = "false"
		Release.AspNetCompiler.Debug = "False"
		SlnRelativePath = "uCommunity.Server.WCF\"
		DefaultWebSiteLanguage = "Visual C#"
	EndProjectSection
EndProject
Project("{FAE04EC0-301F-11D3-BF4B-00C04F79EFBC}") = "uCommunity.Interface", "uCommunity.Interface\uCommunity.Interface.csproj", "{A2E07050-10C1-47C4-B539-919165B18AE4}"
EndProject
Project("{FAE04EC0-301F-11D3-BF4B-00C04F79EFBC}") = "uCommunity.Server.Data", "uCommunity.Server.Data\uCommunity.Server.Data.csproj", "{ED8CE5FA-CC05-4676-9DCB-F64F6FD70F5C}"
EndProject
Global
	GlobalSection(SolutionConfigurationPlatforms) = preSolution
		Debug|Any CPU = Debug|Any CPU
		Release|Any CPU = Release|Any CPU
	EndGlobalSection
	GlobalSection(ProjectConfigurationPlatforms) = postSolution
		{E281D457-F259-4F0B-8608-16C81D8AE97B}.Debug|Any CPU.ActiveCfg = Debug|Any CPU
		{E281D457-F259-4F0B-8608-16C81D8AE97B}.Debug|Any CPU.Build.0 = Debug|Any CPU
		{E281D457-F259-4F0B-8608-16C81D8AE97B}.Release|Any CPU.ActiveCfg = Release|Any CPU
		{E281D457-F259-4F0B-8608-16C81D8AE97B}.Release|Any CPU.Build.0 = Release|Any CPU
		{28E0C0B2-8DA5-4AFC-BBFE-389BF4E8E407}.Debug|Any CPU.ActiveCfg = Debug|Any CPU
		{28E0C0B2-8DA5-4AFC-BBFE-389BF4E8E407}.Debug|Any CPU.Build.0 = Debug|Any CPU
		{28E0C0B2-8DA5-4AFC-BBFE-389BF4E8E407}.Release|Any CPU.ActiveCfg = Release|Any CPU
		{28E0C0B2-8DA5-4AFC-BBFE-389BF4E8E407}.Release|Any CPU.Build.0 = Release|Any CPU
		{DAB0FEEB-EE2A-4BC1-8A1F-B9836062E9EF}.Debug|Any CPU.ActiveCfg = Debug|Any CPU
		{DAB0FEEB-EE2A-4BC1-8A1F-B9836062E9EF}.Debug|Any CPU.Build.0 = Debug|Any CPU
		{DAB0FEEB-EE2A-4BC1-8A1F-B9836062E9EF}.Release|Any CPU.ActiveCfg = Release|Any CPU
		{DAB0FEEB-EE2A-4BC1-8A1F-B9836062E9EF}.Release|Any CPU.Build.0 = Release|Any CPU
		{5E113264-D706-4E08-B951-A556CB4CD168}.Debug|Any CPU.ActiveCfg = Debug|Any CPU
		{5E113264-D706-4E08-B951-A556CB4CD168}.Debug|Any CPU.Build.0 = Debug|Any CPU
		{5E113264-D706-4E08-B951-A556CB4CD168}.Release|Any CPU.ActiveCfg = Debug|Any CPU
		{5E113264-D706-4E08-B951-A556CB4CD168}.Release|Any CPU.Build.0 = Debug|Any CPU
		{A2E07050-10C1-47C4-B539-919165B18AE4}.Debug|Any CPU.ActiveCfg = Debug|Any CPU
		{A2E07050-10C1-47C4-B539-919165B18AE4}.Debug|Any CPU.Build.0 = Debug|Any CPU
		{A2E07050-10C1-47C4-B539-919165B18AE4}.Release|Any CPU.ActiveCfg = Release|Any CPU
		{A2E07050-10C1-47C4-B539-919165B18AE4}.Release|Any CPU.Build.0 = Release|Any CPU
		{ED8CE5FA-CC05-4676-9DCB-F64F6FD70F5C}.Debug|Any CPU.ActiveCfg = Debug|Any CPU
		{ED8CE5FA-CC05-4676-9DCB-F64F6FD70F5C}.Debug|Any CPU.Build.0 = Debug|Any CPU
		{ED8CE5FA-CC05-4676-9DCB-F64F6FD70F5C}.Release|Any CPU.ActiveCfg = Release|Any CPU
		{ED8CE5FA-CC05-4676-9DCB-F64F6FD70F5C}.Release|Any CPU.Build.0 = Release|Any CPU
	EndGlobalSection
	GlobalSection(SolutionProperties) = preSolution
		HideSolutionNode = FALSE
	EndGlobalSection
EndGlobal
